
Microsoft Visual Studio Solution File, Format Version 12.00
# Visual Studio Version 16
VisualStudioVersion = 16.0.31129.286
MinimumVisualStudioVersion = 10.0.40219.1
Project("{FAE04EC0-301F-11D3-BF4B-00C04F79EFBC}") = "Lesson - 1", "Lesson - 1\Lesson - 1.csproj", "{804C4441-F0C8-46C1-8012-F83F2ADE3FD4}"
EndProject
Global
	GlobalSection(SolutionConfigurationPlatforms) = preSolution
		Debug|Any CPU = Debug|Any CPU
		Release|Any CPU = Release|Any CPU
	EndGlobalSection
	GlobalSection(ProjectConfigurationPlatforms) = postSolution
		{804C4441-F0C8-46C1-8012-F83F2ADE3FD4}.Debug|Any CPU.ActiveCfg = Debug|Any CPU
		{804C4441-F0C8-46C1-8012-F83F2ADE3FD4}.Debug|Any CPU.Build.0 = Debug|Any CPU
		{804C4441-F0C8-46C1-8012-F83F2ADE3FD4}.Release|Any CPU.ActiveCfg = Release|Any CPU
		{804C4441-F0C8-46C1-8012-F83F2ADE3FD4}.Release|Any CPU.Build.0 = Release|Any CPU
	EndGlobalSection
	GlobalSection(SolutionProperties) = preSolution
		HideSolutionNode = FALSE
	EndGlobalSection
	GlobalSection(ExtensibilityGlobals) = postSolution
		SolutionGuid = {E1961D7D-0A5C-4B1E-A3E7-17592FF0CE6E}
	EndGlobalSection
EndGlobal
